
Microsoft Visual Studio Solution File, Format Version 12.00
# Visual Studio Version 16
VisualStudioVersion = 16.0.31410.357
MinimumVisualStudioVersion = 10.0.40219.1
Project("{FAE04EC0-301F-11D3-BF4B-00C04F79EFBC}") = "FileSenderDemo", "FileSenderDemo\FileSenderDemo.csproj", "{C7B0C9E9-7B45-48BF-8FE5-A2EDAFAB9D1D}"
EndProject
Project("{FAE04EC0-301F-11D3-BF4B-00C04F79EFBC}") = "FileReceiverDemo", "FileReceiverDemo\FileReceiverDemo.csproj", "{339237D4-E517-4EA7-AE1D-DC8F42C88109}"
EndProject
Project("{FAE04EC0-301F-11D3-BF4B-00C04F79EFBC}") = "Common", "Common\Common.csproj", "{7752D891-20EF-4CC6-9ED9-406015A3C4A0}"
EndProject
Global
	GlobalSection(SolutionConfigurationPlatforms) = preSolution
		Debug|Any CPU = Debug|Any CPU
		Release|Any CPU = Release|Any CPU
	EndGlobalSection
	GlobalSection(ProjectConfigurationPlatforms) = postSolution
		{C7B0C9E9-7B45-48BF-8FE5-A2EDAFAB9D1D}.Debug|Any CPU.ActiveCfg = Debug|Any CPU
		{C7B0C9E9-7B45-48BF-8FE5-A2EDAFAB9D1D}.Debug|Any CPU.Build.0 = Debug|Any CPU
		{C7B0C9E9-7B45-48BF-8FE5-A2EDAFAB9D1D}.Release|Any CPU.ActiveCfg = Release|Any CPU
		{C7B0C9E9-7B45-48BF-8FE5-A2EDAFAB9D1D}.Release|Any CPU.Build.0 = Release|Any CPU
		{339237D4-E517-4EA7-AE1D-DC8F42C88109}.Debug|Any CPU.ActiveCfg = Debug|Any CPU
		{339237D4-E517-4EA7-AE1D-DC8F42C88109}.Debug|Any CPU.Build.0 = Debug|Any CPU
		{339237D4-E517-4EA7-AE1D-DC8F42C88109}.Release|Any CPU.ActiveCfg = Release|Any CPU
		{339237D4-E517-4EA7-AE1D-DC8F42C88109}.Release|Any CPU.Build.0 = Release|Any CPU
		{7752D891-20EF-4CC6-9ED9-406015A3C4A0}.Debug|Any CPU.ActiveCfg = Debug|Any CPU
		{7752D891-20EF-4CC6-9ED9-406015A3C4A0}.Debug|Any CPU.Build.0 = Debug|Any CPU
		{7752D891-20EF-4CC6-9ED9-406015A3C4A0}.Release|Any CPU.ActiveCfg = Release|Any CPU
		{7752D891-20EF-4CC6-9ED9-406015A3C4A0}.Release|Any CPU.Build.0 = Release|Any CPU
	EndGlobalSection
	GlobalSection(SolutionProperties) = preSolution
		HideSolutionNode = FALSE
	EndGlobalSection
	GlobalSection(ExtensibilityGlobals) = postSolution
		SolutionGuid = {BE99753A-1719-46BD-9107-165D0D05DD94}
	EndGlobalSection
EndGlobal
